
Microsoft Visual Studio Solution File, Format Version 12.00
# Visual Studio 15
VisualStudioVersion = 15.0.26403.7
MinimumVisualStudioVersion = 15.0.26124.0
Project("{2150E333-8FDC-42A3-9474-1A3956D46DE8}") = "src", "src", "{455084EA-7CCC-47F4-A054-D2D01F7EE40F}"
EndProject
Project("{2150E333-8FDC-42A3-9474-1A3956D46DE8}") = "test", "test", "{B8CA336C-24A4-4414-A1C1-735E07F080D4}"
EndProject
Project("{9A19103F-16F7-4668-BE54-9A1E7A4F7556}") = "Ofl.AspNetCore", "src\Ofl.AspNetCore\Ofl.AspNetCore.csproj", "{81577668-46F2-4496-A548-385F74135455}"
EndProject
Project("{9A19103F-16F7-4668-BE54-9A1E7A4F7556}") = "Ofl.AspNetCore.Tests", "test\Ofl.AspNetCore.Tests\Ofl.AspNetCore.Tests.csproj", "{6B8DACD1-1790-4866-ACC0-F27849B6BAF5}"
EndProject
Project("{2150E333-8FDC-42A3-9474-1A3956D46DE8}") = "solution-level items", "solution-level items", "{D839348F-3F1B-4449-B5E3-98FF6027D44C}"
	ProjectSection(SolutionItems) = preProject
		.gitignore = .gitignore
		.gitmodules = .gitmodules
		appveyor.yml = appveyor.yml
		directory.build.props = directory.build.props
		LICENSE = LICENSE
		Ofl.AspNetCore.sln.DotSettings = Ofl.AspNetCore.sln.DotSettings
		README.md = README.md
	EndProjectSection
EndProject
Global
	GlobalSection(SolutionConfigurationPlatforms) = preSolution
		Debug|Any CPU = Debug|Any CPU
		Debug|x64 = Debug|x64
		Debug|x86 = Debug|x86
		Release|Any CPU = Release|Any CPU
		Release|x64 = Release|x64
		Release|x86 = Release|x86
	EndGlobalSection
	GlobalSection(ProjectConfigurationPlatforms) = postSolution
		{81577668-46F2-4496-A548-385F74135455}.Debug|Any CPU.ActiveCfg = Debug|Any CPU
		{81577668-46F2-4496-A548-385F74135455}.Debug|Any CPU.Build.0 = Debug|Any CPU
		{81577668-46F2-4496-A548-385F74135455}.Debug|x64.ActiveCfg = Debug|Any CPU
		{81577668-46F2-4496-A548-385F74135455}.Debug|x64.Build.0 = Debug|Any CPU
		{81577668-46F2-4496-A548-385F74135455}.Debug|x86.ActiveCfg = Debug|Any CPU
		{81577668-46F2-4496-A548-385F74135455}.Debug|x86.Build.0 = Debug|Any CPU
		{81577668-46F2-4496-A548-385F74135455}.Release|Any CPU.ActiveCfg = Release|Any CPU
		{81577668-46F2-4496-A548-385F74135455}.Release|Any CPU.Build.0 = Release|Any CPU
		{81577668-46F2-4496-A548-385F74135455}.Release|x64.ActiveCfg = Release|Any CPU
		{81577668-46F2-4496-A548-385F74135455}.Release|x64.Build.0 = Release|Any CPU
		{81577668-46F2-4496-A548-385F74135455}.Release|x86.ActiveCfg = Release|Any CPU
		{81577668-46F2-4496-A548-385F74135455}.Release|x86.Build.0 = Release|Any CPU
		{6B8DACD1-1790-4866-ACC0-F27849B6BAF5}.Debug|Any CPU.ActiveCfg = Debug|Any CPU
		{6B8DACD1-1790-4866-ACC0-F27849B6BAF5}.Debug|Any CPU.Build.0 = Debug|Any CPU
		{6B8DACD1-1790-4866-ACC0-F27849B6BAF5}.Debug|x64.ActiveCfg = Debug|Any CPU
		{6B8DACD1-1790-4866-ACC0-F27849B6BAF5}.Debug|x64.Build.0 = Debug|Any CPU
		{6B8DACD1-1790-4866-ACC0-F27849B6BAF5}.Debug|x86.ActiveCfg = Debug|Any CPU
		{6B8DACD1-1790-4866-ACC0-F27849B6BAF5}.Debug|x86.Build.0 = Debug|Any CPU
		{6B8DACD1-1790-4866-ACC0-F27849B6BAF5}.Release|Any CPU.ActiveCfg = Release|Any CPU
		{6B8DACD1-1790-4866-ACC0-F27849B6BAF5}.Release|Any CPU.Build.0 = Release|Any CPU
		{6B8DACD1-1790-4866-ACC0-F27849B6BAF5}.Release|x64.ActiveCfg = Release|Any CPU
		{6B8DACD1-1790-4866-ACC0-F27849B6BAF5}.Release|x64.Build.0 = Release|Any CPU
		{6B8DACD1-1790-4866-ACC0-F27849B6BAF5}.Release|x86.ActiveCfg = Release|Any CPU
		{6B8DACD1-1790-4866-ACC0-F27849B6BAF5}.Release|x86.Build.0 = Release|Any CPU
	EndGlobalSection
	GlobalSection(SolutionProperties) = preSolution
		HideSolutionNode = FALSE
	EndGlobalSection
	GlobalSection(NestedProjects) = preSolution
		{81577668-46F2-4496-A548-385F74135455} = {455084EA-7CCC-47F4-A054-D2D01F7EE40F}
		{6B8DACD1-1790-4866-ACC0-F27849B6BAF5} = {B8CA336C-24A4-4414-A1C1-735E07F080D4}
	EndGlobalSection
	GlobalSection(ExtensibilityGlobals) = postSolution
		SolutionGuid = {D1628F50-160D-48A3-9766-0174BABD6DA4}
	EndGlobalSection
EndGlobal
